// !$*UTF8*$!
{
	archiveVersion = 1;
	classes = {
	};
	objectVersion = 77;
	objects = {

/* Begin PBXContainerItemProxy section */
		209AAA6A2E8D311D00AC45B6 /* PBXContainerItemProxy */ = {
			isa = PBXContainerItemProxy;
			containerPortal = 209AAA512E8D311A00AC45B6 /* Project object */;
			proxyType = 1;
			remoteGlobalIDString = 209AAA582E8D311A00AC45B6;
			remoteInfo = Kaboom;
		};
		209AAA742E8D311D00AC45B6 /* PBXContainerItemProxy */ = {
			isa = PBXContainerItemProxy;
			containerPortal = 209AAA512E8D311A00AC45B6 /* Project object */;
			proxyType = 1;
			remoteGlobalIDString = 209AAA582E8D311A00AC45B6;
			remoteInfo = Kaboom;
		};
/* End PBXContainerItemProxy section */

/* Begin PBXFileReference section */
		209AAA592E8D311A00AC45B6 /* Kaboom.app */ = {isa = PBXFileReference; explicitFileType = wrapper.application; includeInIndex = 0; path = Kaboom.app; sourceTree = BUILT_PRODUCTS_DIR; };
		209AAA692E8D311D00AC45B6 /* KaboomTests.xctest */ = {isa = PBXFileReference; explicitFileType = wrapper.cfbundle; includeInIndex = 0; path = KaboomTests.xctest; sourceTree = BUILT_PRODUCTS_DIR; };
		209AAA732E8D311D00AC45B6 /* KaboomUITests.xctest */ = {isa = PBXFileReference; explicitFileType = wrapper.cfbundle; includeInIndex = 0; path = KaboomUITests.xctest; sourceTree = BUILT_PRODUCTS_DIR; };
/* End PBXFileReference section */

/* Begin PBXFileSystemSynchronizedRootGroup section */
		209AAA5B2E8D311A00AC45B6 /* Kaboom */ = {
			isa = PBXFileSystemSynchronizedRootGroup;
			path = Kaboom;
			sourceTree = "<group>";
		};
		209AAA6C2E8D311D00AC45B6 /* KaboomTests */ = {
			isa = PBXFileSystemSynchronizedRootGroup;
			path = KaboomTests;
			sourceTree = "<group>";
		};
		209AAA762E8D311D00AC45B6 /* KaboomUITests */ = {
			isa = PBXFileSystemSynchronizedRootGroup;
			path = KaboomUITests;
			sourceTree = "<group>";
		};
/* End PBXFileSystemSynchronizedRootGroup section */

/* Begin PBXFrameworksBuildPhase section */
		209AAA562E8D311A00AC45B6 /* Frameworks */ = {
			isa = PBXFrameworksBuildPhase;
			buildActionMask = 2147483647;
			files = (
			);
			runOnlyForDeploymentPostprocessing = 0;
		};
		209AAA662E8D311D00AC45B6 /* Frameworks */ = {
			isa = PBXFrameworksBuildPhase;
			buildActionMask = 2147483647;
			files = (
			);
			runOnlyForDeploymentPostprocessing = 0;
		};
		209AAA702E8D311D00AC45B6 /* Frameworks */ = {
			isa = PBXFrameworksBuildPhase;
			buildActionMask = 2147483647;
			files = (
			);
			runOnlyForDeploymentPostprocessing = 0;
		};
/* End PBXFrameworksBuildPhase section */

/* Begin PBXGroup section */
		209AAA502E8D311A00AC45B6 = {
			isa = PBXGroup;
			children = (
				209AAA5B2E8D311A00AC45B6 /* Kaboom */,
				209AAA6C2E8D311D00AC45B6 /* KaboomTests */,
				209AAA762E8D311D00AC45B6 /* KaboomUITests */,
				209AAA5A2E8D311A00AC45B6 /* Products */,
			);
			sourceTree = "<group>";
		};
		209AAA5A2E8D311A00AC45B6 /* Products */ = {
			isa = PBXGroup;
			children = (
				209AAA592E8D311A00AC45B6 /* Kaboom.app */,
				209AAA692E8D311D00AC45B6 /* KaboomTests.xctest */,
				209AAA732E8D311D00AC45B6 /* KaboomUITests.xctest */,
			);
			name = Products;
			sourceTree = "<group>";
		};
/* End PBXGroup section */

/* Begin PBXNativeTarget section */
		209AAA582E8D311A00AC45B6 /* Kaboom */ = {
			isa = PBXNativeTarget;
			buildConfigurationList = 209AAA7D2E8D311D00AC45B6 /* Build configuration list for PBXNativeTarget "Kaboom" */;
			buildPhases = (
				209AAA552E8D311A00AC45B6 /* Sources */,
				209AAA562E8D311A00AC45B6 /* Frameworks */,
				209AAA572E8D311A00AC45B6 /* Resources */,
			);
			buildRules = (
			);
			dependencies = (
			);
			fileSystemSynchronizedGroups = (
				209AAA5B2E8D311A00AC45B6 /* Kaboom */,
			);
			name = Kaboom;
			packageProductDependencies = (
			);
			productName = Kaboom;
			productReference = 209AAA592E8D311A00AC45B6 /* Kaboom.app */;
			productType = "com.apple.product-type.application";
		};
		209AAA682E8D311D00AC45B6 /* KaboomTests */ = {
			isa = PBXNativeTarget;
			buildConfigurationList = 209AAA802E8D311D00AC45B6 /* Build configuration list for PBXNativeTarget "KaboomTests" */;
			buildPhases = (
				209AAA652E8D311D00AC45B6 /* Sources */,
				209AAA662E8D311D00AC45B6 /* Frameworks */,
				209AAA672E8D311D00AC45B6 /* Resources */,
			);
			buildRules = (
			);
			dependencies = (
				209AAA6B2E8D311D00AC45B6 /* PBXTargetDependency */,
			);
			fileSystemSynchronizedGroups = (
				209AAA6C2E8D311D00AC45B6 /* KaboomTests */,
			);
			name = KaboomTests;
			packageProductDependencies = (
			);
			productName = KaboomTests;
			productReference = 209AAA692E8D311D00AC45B6 /* KaboomTests.xctest */;
			productType = "com.apple.product-type.bundle.unit-test";
		};
		209AAA722E8D311D00AC45B6 /* KaboomUITests */ = {
			isa = PBXNativeTarget;
			buildConfigurationList = 209AAA832E8D311D00AC45B6 /* Build configuration list for PBXNativeTarget "KaboomUITests" */;
			buildPhases = (
				209AAA6F2E8D311D00AC45B6 /* Sources */,
				209AAA702E8D311D00AC45B6 /* Frameworks */,
				209AAA712E8D311D00AC45B6 /* Resources */,
			);
			buildRules = (
			);
			dependencies = (
				209AAA752E8D311D00AC45B6 /* PBXTargetDependency */,
			);
			fileSystemSynchronizedGroups = (
				209AAA762E8D311D00AC45B6 /* KaboomUITests */,
			);
			name = KaboomUITests;
			packageProductDependencies = (
			);
			productName = KaboomUITests;
			productReference = 209AAA732E8D311D00AC45B6 /* KaboomUITests.xctest */;
			productType = "com.apple.product-type.bundle.ui-testing";
		};
/* End PBXNativeTarget section */

/* Begin PBXProject section */
		209AAA512E8D311A00AC45B6 /* Project object */ = {
			isa = PBXProject;
			attributes = {
				BuildIndependentTargetsInParallel = 1;
				LastSwiftUpdateCheck = 1600;
				LastUpgradeCheck = 1600;
				TargetAttributes = {
					209AAA582E8D311A00AC45B6 = {
						CreatedOnToolsVersion = 16.0;
					};
					209AAA682E8D311D00AC45B6 = {
						CreatedOnToolsVersion = 16.0;
						TestTargetID = 209AAA582E8D311A00AC45B6;
					};
					209AAA722E8D311D00AC45B6 = {
						CreatedOnToolsVersion = 16.0;
						TestTargetID = 209AAA582E8D311A00AC45B6;
					};
				};
			};
			buildConfigurationList = 209AAA542E8D311A00AC45B6 /* Build configuration list for PBXProject "Kaboom" */;
			developmentRegion = en;
			hasScannedForEncodings = 0;
			knownRegions = (
				en,
				Base,
			);
			mainGroup = 209AAA502E8D311A00AC45B6;
			minimizedProjectReferenceProxies = 1;
			preferredProjectObjectVersion = 77;
			productRefGroup = 209AAA5A2E8D311A00AC45B6 /* Products */;
			projectDirPath = "";
			projectRoot = "";
			targets = (
				209AAA582E8D311A00AC45B6 /* Kaboom */,
				209AAA682E8D311D00AC45B6 /* KaboomTests */,
				209AAA722E8D311D00AC45B6 /* KaboomUITests */,
			);
		};
/* End PBXProject section */

/* Begin PBXResourcesBuildPhase section */
		209AAA572E8D311A00AC45B6 /* Resources */ = {
			isa = PBXResourcesBuildPhase;
			buildActionMask = 2147483647;
			files = (
			);
			runOnlyForDeploymentPostprocessing = 0;
		};
		209AAA672E8D311D00AC45B6 /* Resources */ = {
			isa = PBXResourcesBuildPhase;
			buildActionMask = 2147483647;
			files = (
			);
			runOnlyForDeploymentPostprocessing = 0;
		};
		209AAA712E8D311D00AC45B6 /* Resources */ = {
			isa = PBXResourcesBuildPhase;
			buildActionMask = 2147483647;
			files = (
			);
			runOnlyForDeploymentPostprocessing = 0;
		};
/* End PBXResourcesBuildPhase section */

/* Begin PBXSourcesBuildPhase section */
		209AAA552E8D311A00AC45B6 /* Sources */ = {
			isa = PBXSourcesBuildPhase;
			buildActionMask = 2147483647;
			files = (
			);
			runOnlyForDeploymentPostprocessing = 0;
		};
		209AAA652E8D311D00AC45B6 /* Sources */ = {
			isa = PBXSourcesBuildPhase;
			buildActionMask = 2147483647;
			files = (
			);
			runOnlyForDeploymentPostprocessing = 0;
		};
		209AAA6F2E8D311D00AC45B6 /* Sources */ = {
			isa = PBXSourcesBuildPhase;
			buildActionMask = 2147483647;
			files = (
			);
			runOnlyForDeploymentPostprocessing = 0;
		};
/* End PBXSourcesBuildPhase section */

/* Begin PBXTargetDependency section */
		209AAA6B2E8D311D00AC45B6 /* PBXTargetDependency */ = {
			isa = PBXTargetDependency;
			target = 209AAA582E8D311A00AC45B6 /* Kaboom */;
			targetProxy = 209AAA6A2E8D311D00AC45B6 /* PBXContainerItemProxy */;
		};
		209AAA752E8D311D00AC45B6 /* PBXTargetDependency */ = {
			isa = PBXTargetDependency;
			target = 209AAA582E8D311A00AC45B6 /* Kaboom */;
			targetProxy = 209AAA742E8D311D00AC45B6 /* PBXContainerItemProxy */;
		};
/* End PBXTargetDependency section */

/* Begin XCBuildConfiguration section */
		209AAA7B2E8D311D00AC45B6 /* Debug */ = {
			isa = XCBuildConfiguration;
			buildSettings = {
				ALWAYS_SEARCH_USER_PATHS = NO;
				ASSETCATALOG_COMPILER_GENERATE_SWIFT_ASSET_SYMBOL_EXTENSIONS = YES;
				CLANG_ANALYZER_NONNULL = YES;
				CLANG_ANALYZER_NUMBER_OBJECT_CONVERSION = YES_AGGRESSIVE;
				CLANG_CXX_LANGUAGE_STANDARD = "gnu++20";
				CLANG_ENABLE_MODULES = YES;
				CLANG_ENABLE_OBJC_ARC = YES;
				CLANG_ENABLE_OBJC_WEAK = YES;
				CLANG_WARN_BLOCK_CAPTURE_AUTORELEASING = YES;
				CLANG_WARN_BOOL_CONVERSION = YES;
				CLANG_WARN_COMMA = YES;
				CLANG_WARN_CONSTANT_CONVERSION = YES;
				CLANG_WARN_DEPRECATED_OBJC_IMPLEMENTATIONS = YES;
				CLANG_WARN_DIRECT_OBJC_ISA_USAGE = YES_ERROR;
				CLANG_WARN_DOCUMENTATION_COMMENTS = YES;
				CLANG_WARN_EMPTY_BODY = YES;
				CLANG_WARN_ENUM_CONVERSION = YES;
				CLANG_WARN_INFINITE_RECURSION = YES;
				CLANG_WARN_INT_CONVERSION = YES;
				CLANG_WARN_NON_LITERAL_NULL_CONVERSION = YES;
				CLANG_WARN_OBJC_IMPLICIT_RETAIN_SELF = YES;
				CLANG_WARN_OBJC_LITERAL_CONVERSION = YES;
				CLANG_WARN_OBJC_ROOT_CLASS = YES_ERROR;
				CLANG_WARN_QUOTED_INCLUDE_IN_FRAMEWORK_HEADER = YES;
				CLANG_WARN_RANGE_LOOP_ANALYSIS = YES;
				CLANG_WARN_STRICT_PROTOTYPES = YES;
				CLANG_WARN_SUSPICIOUS_MOVE = YES;
				CLANG_WARN_UNGUARDED_AVAILABILITY = YES_AGGRESSIVE;
				CLANG_WARN_UNREACHABLE_CODE = YES;
				CLANG_WARN__DUPLICATE_METHOD_MATCH = YES;
				COPY_PHASE_STRIP = NO;
				DEBUG_INFORMATION_FORMAT = dwarf;
				ENABLE_STRICT_OBJC_MSGSEND = YES;
				ENABLE_TESTABILITY = YES;
				ENABLE_USER_SCRIPT_SANDBOXING = YES;
				GCC_C_LANGUAGE_STANDARD = gnu17;
				GCC_DYNAMIC_NO_PIC = NO;
				GCC_NO_COMMON_BLOCKS = YES;
				GCC_OPTIMIZATION_LEVEL = 0;
				GCC_PREPROCESSOR_DEFINITIONS = (
					"DEBUG=1",
					"$(inherited)",
				);
				GCC_WARN_64_TO_32_BIT_CONVERSION = YES;
				GCC_WARN_ABOUT_RETURN_TYPE = YES_ERROR;
				GCC_WARN_UNDECLARED_SELECTOR = YES;
				GCC_WARN_UNINITIALIZED_AUTOS = YES_AGGRESSIVE;
				GCC_WARN_UNUSED_FUNCTION = YES;
				GCC_WARN_UNUSED_VARIABLE = YES;
				IPHONEOS_DEPLOYMENT_TARGET = 18.0;
				LOCALIZATION_PREFERS_STRING_CATALOGS = YES;
				MTL_ENABLE_DEBUG_INFO = INCLUDE_SOURCE;
				MTL_FAST_MATH = YES;
				ONLY_ACTIVE_ARCH = YES;
				SDKROOT = iphoneos;
				SWIFT_ACTIVE_COMPILATION_CONDITIONS = "DEBUG $(inherited)";
				SWIFT_OPTIMIZATION_LEVEL = "-Onone";
			};
			name = Debug;
		};
		209AAA7C2E8D311D00AC45B6 /* Release */ = {
			isa = XCBuildConfiguration;
			buildSettings = {
				ALWAYS_SEARCH_USER_PATHS = NO;
				ASSETCATALOG_COMPILER_GENERATE_SWIFT_ASSET_SYMBOL_EXTENSIONS = YES;
				CLANG_ANALYZER_NONNULL = YES;
				CLANG_ANALYZER_NUMBER_OBJECT_CONVERSION = YES_AGGRESSIVE;
				CLANG_CXX_LANGUAGE_STANDARD = "gnu++20";
				CLANG_ENABLE_MODULES = YES;
				CLANG_ENABLE_OBJC_ARC = YES;
				CLANG_ENABLE_OBJC_WEAK = YES;
				CLANG_WARN_BLOCK_CAPTURE_AUTORELEASING = YES;
				CLANG_WARN_BOOL_CONVERSION = YES;
				CLANG_WARN_COMMA = YES;
				CLANG_WARN_CONSTANT_CONVERSION = YES;
				CLANG_WARN_DEPRECATED_OBJC_IMPLEMENTATIONS = YES;
				CLANG_WARN_DIRECT_OBJC_ISA_USAGE = YES_ERROR;
				CLANG_WARN_DOCUMENTATION_COMMENTS = YES;
				CLANG_WARN_EMPTY_BODY = YES;
				CLANG_WARN_ENUM_CONVERSION = YES;
				CLANG_WARN_INFINITE_RECURSION = YES;
				CLANG_WARN_INT_CONVERSION = YES;
				CLANG_WARN_NON_LITERAL_NULL_CONVERSION = YES;
				CLANG_WARN_OBJC_IMPLICIT_RETAIN_SELF = YES;
				CLANG_WARN_OBJC_LITERAL_CONVERSION = YES;
				CLANG_WARN_OBJC_ROOT_CLASS = YES_ERROR;
				CLANG_WARN_QUOTED_INCLUDE_IN_FRAMEWORK_HEADER = YES;
				CLANG_WARN_RANGE_LOOP_ANALYSIS = YES;
				CLANG_WARN_STRICT_PROTOTYPES = YES;
				CLANG_WARN_SUSPICIOUS_MOVE = YES;
				CLANG_WARN_UNGUARDED_AVAILABILITY = YES_AGGRESSIVE;
				CLANG_WARN_UNREACHABLE_CODE = YES;
				CLANG_WARN__DUPLICATE_METHOD_MATCH = YES;
				COPY_PHASE_STRIP = NO;
				DEBUG_INFORMATION_FORMAT = "dwarf-with-dsym";
				ENABLE_NS_ASSERTIONS = NO;
				ENABLE_STRICT_OBJC_MSGSEND = YES;
				ENABLE_USER_SCRIPT_SANDBOXING = YES;
				GCC_C_LANGUAGE_STANDARD = gnu17;
				GCC_NO_COMMON_BLOCKS = YES;
				GCC_WARN_64_TO_32_BIT_CONVERSION = YES;
				GCC_WARN_ABOUT_RETURN_TYPE = YES_ERROR;
				GCC_WARN_UNDECLARED_SELECTOR = YES;
				GCC_WARN_UNINITIALIZED_AUTOS = YES_AGGRESSIVE;
				GCC_WARN_UNUSED_FUNCTION = YES;
				GCC_WARN_UNUSED_VARIABLE = YES;
				IPHONEOS_DEPLOYMENT_TARGET = 18.0;
				LOCALIZATION_PREFERS_STRING_CATALOGS = YES;
				MTL_ENABLE_DEBUG_INFO = NO;
				MTL_FAST_MATH = YES;
				SDKROOT = iphoneos;
				SWIFT_COMPILATION_MODE = wholemodule;
				VALIDATE_PRODUCT = YES;
			};
			name = Release;
		};
		209AAA7E2E8D311D00AC45B6 /* Debug */ = {
			isa = XCBuildConfiguration;
			buildSettings = {
				ASSETCATALOG_COMPILER_APPICON_NAME = AppIcon;
				ASSETCATALOG_COMPILER_GLOBAL_ACCENT_COLOR_NAME = AccentColor;
				CODE_SIGN_STYLE = Automatic;
				CURRENT_PROJECT_VERSION = 1;
				DEVELOPMENT_ASSET_PATHS = "\"Kaboom/Preview Content\"";
				DEVELOPMENT_TEAM = K8WK6D3ZTC;
				ENABLE_PREVIEWS = YES;
				GENERATE_INFOPLIST_FILE = YES;
				INFOPLIST_KEY_UIApplicationSceneManifest_Generation = YES;
				INFOPLIST_KEY_UIApplicationSupportsIndirectInputEvents = YES;
				INFOPLIST_KEY_UILaunchScreen_Generation = YES;
				INFOPLIST_KEY_UISupportedInterfaceOrientations_iPad = "UIInterfaceOrientationPortrait UIInterfaceOrientationPortraitUpsideDown UIInterfaceOrientationLandscapeLeft UIInterfaceOrientationLandscapeRight";
				INFOPLIST_KEY_UISupportedInterfaceOrientations_iPhone = "UIInterfaceOrientationPortrait UIInterfaceOrientationLandscapeLeft UIInterfaceOrientationLandscapeRight";
				LD_RUNPATH_SEARCH_PATHS = (
					"$(inherited)",
					"@executable_path/Frameworks",
				);
				MARKETING_VERSION = 1.0;
				PRODUCT_BUNDLE_IDENTIFIER = my.Kaboom;
				PRODUCT_NAME = "$(TARGET_NAME)";
				SWIFT_EMIT_LOC_STRINGS = YES;
				SWIFT_VERSION = 5.0;
				TARGETED_DEVICE_FAMILY = "1,2";
			};
			name = Debug;
		};
		209AAA7F2E8D311D00AC45B6 /* Release */ = {
			isa = XCBuildConfiguration;
			buildSettings = {
				ASSETCATALOG_COMPILER_APPICON_NAME = AppIcon;
				ASSETCATALOG_COMPILER_GLOBAL_ACCENT_COLOR_NAME = AccentColor;
				CODE_SIGN_STYLE = Automatic;
				CURRENT_PROJECT_VERSION = 1;
				DEVELOPMENT_ASSET_PATHS = "\"Kaboom/Preview Content\"";
				DEVELOPMENT_TEAM = K8WK6D3ZTC;
				ENABLE_PREVIEWS = YES;
				GENERATE_INFOPLIST_FILE = YES;
				INFOPLIST_KEY_UIApplicationSceneManifest_Generation = YES;
				INFOPLIST_KEY_UIApplicationSupportsIndirectInputEvents = YES;
				INFOPLIST_KEY_UILaunchScreen_Generation = YES;
				INFOPLIST_KEY_UISupportedInterfaceOrientations_iPad = "UIInterfaceOrientationPortrait UIInterfaceOrientationPortraitUpsideDown UIInterfaceOrientationLandscapeLeft UIInterfaceOrientationLandscapeRight";
				INFOPLIST_KEY_UISupportedInterfaceOrientations_iPhone = "UIInterfaceOrientationPortrait UIInterfaceOrientationLandscapeLeft UIInterfaceOrientationLandscapeRight";
				LD_RUNPATH_SEARCH_PATHS = (
					"$(inherited)",
					"@executable_path/Frameworks",
				);
				MARKETING_VERSION = 1.0;
				PRODUCT_BUNDLE_IDENTIFIER = my.Kaboom;
				PRODUCT_NAME = "$(TARGET_NAME)";
				SWIFT_EMIT_LOC_STRINGS = YES;
				SWIFT_VERSION = 5.0;
				TARGETED_DEVICE_FAMILY = "1,2";
			};
			name = Release;
		};
		209AAA812E8D311D00AC45B6 /* Debug */ = {
			isa = XCBuildConfiguration;
			buildSettings = {
				BUNDLE_LOADER = "$(TEST_HOST)";
				CODE_SIGN_STYLE = Automatic;
				CURRENT_PROJECT_VERSION = 1;
				DEVELOPMENT_TEAM = K8WK6D3ZTC;
				GENERATE_INFOPLIST_FILE = YES;
				IPHONEOS_DEPLOYMENT_TARGET = 18.0;
				MARKETING_VERSION = 1.0;
				PRODUCT_BUNDLE_IDENTIFIER = my.KaboomTests;
				PRODUCT_NAME = "$(TARGET_NAME)";
				SWIFT_EMIT_LOC_STRINGS = NO;
				SWIFT_VERSION = 5.0;
				TARGETED_DEVICE_FAMILY = "1,2";
				TEST_HOST = "$(BUILT_PRODUCTS_DIR)/Kaboom.app/$(BUNDLE_EXECUTABLE_FOLDER_PATH)/Kaboom";
			};
			name = Debug;
		};
		209AAA822E8D311D00AC45B6 /* Release */ = {
			isa = XCBuildConfiguration;
			buildSettings = {
				BUNDLE_LOADER = "$(TEST_HOST)";
				CODE_SIGN_STYLE = Automatic;
				CURRENT_PROJECT_VERSION = 1;
				DEVELOPMENT_TEAM = K8WK6D3ZTC;
				GENERATE_INFOPLIST_FILE = YES;
				IPHONEOS_DEPLOYMENT_TARGET = 18.0;
				MARKETING_VERSION = 1.0;
				PRODUCT_BUNDLE_IDENTIFIER = my.KaboomTests;
				PRODUCT_NAME = "$(TARGET_NAME)";
				SWIFT_EMIT_LOC_STRINGS = NO;
				SWIFT_VERSION = 5.0;
				TARGETED_DEVICE_FAMILY = "1,2";
				TEST_HOST = "$(BUILT_PRODUCTS_DIR)/Kaboom.app/$(BUNDLE_EXECUTABLE_FOLDER_PATH)/Kaboom";
			};
			name = Release;
		};
		209AAA842E8D311D00AC45B6 /* Debug */ = {
			isa = XCBuildConfiguration;
			buildSettings = {
				CODE_SIGN_STYLE = Automatic;
				CURRENT_PROJECT_VERSION = 1;
				DEVELOPMENT_TEAM = K8WK6D3ZTC;
				GENERATE_INFOPLIST_FILE = YES;
				MARKETING_VERSION = 1.0;
				PRODUCT_BUNDLE_IDENTIFIER = my.KaboomUITests;
				PRODUCT_NAME = "$(TARGET_NAME)";
				SWIFT_EMIT_LOC_STRINGS = NO;
				SWIFT_VERSION = 5.0;
				TARGETED_DEVICE_FAMILY = "1,2";
				TEST_TARGET_NAME = Kaboom;
			};
			name = Debug;
		};
		209AAA852E8D311D00AC45B6 /* Release */ = {
			isa = XCBuildConfiguration;
			buildSettings = {
				CODE_SIGN_STYLE = Automatic;
				CURRENT_PROJECT_VERSION = 1;
				DEVELOPMENT_TEAM = K8WK6D3ZTC;
				GENERATE_INFOPLIST_FILE = YES;
				MARKETING_VERSION = 1.0;
				PRODUCT_BUNDLE_IDENTIFIER = my.KaboomUITests;
				PRODUCT_NAME = "$(TARGET_NAME)";
				SWIFT_EMIT_LOC_STRINGS = NO;
				SWIFT_VERSION = 5.0;
				TARGETED_DEVICE_FAMILY = "1,2";
				TEST_TARGET_NAME = Kaboom;
			};
			name = Release;
		};
/* End XCBuildConfiguration section */

/* Begin XCConfigurationList section */
		209AAA542E8D311A00AC45B6 /* Build configuration list for PBXProject "Kaboom" */ = {
			isa = XCConfigurationList;
			buildConfigurations = (
				209AAA7B2E8D311D00AC45B6 /* Debug */,
				209AAA7C2E8D311D00AC45B6 /* Release */,
			);
			defaultConfigurationIsVisible = 0;
			defaultConfigurationName = Release;
		};
		209AAA7D2E8D311D00AC45B6 /* Build configuration list for PBXNativeTarget "Kaboom" */ = {
			isa = XCConfigurationList;
			buildConfigurations = (
				209AAA7E2E8D311D00AC45B6 /* Debug */,
				209AAA7F2E8D311D00AC45B6 /* Release */,
			);
			defaultConfigurationIsVisible = 0;
			defaultConfigurationName = Release;
		};
		209AAA802E8D311D00AC45B6 /* Build configuration list for PBXNativeTarget "KaboomTests" */ = {
			isa = XCConfigurationList;
			buildConfigurations = (
				209AAA812E8D311D00AC45B6 /* Debug */,
				209AAA822E8D311D00AC45B6 /* Release */,
			);
			defaultConfigurationIsVisible = 0;
			defaultConfigurationName = Release;
		};
		209AAA832E8D311D00AC45B6 /* Build configuration list for PBXNativeTarget "KaboomUITests" */ = {
			isa = XCConfigurationList;
			buildConfigurations = (
				209AAA842E8D311D00AC45B6 /* Debug */,
				209AAA852E8D311D00AC45B6 /* Release */,
			);
			defaultConfigurationIsVisible = 0;
			defaultConfigurationName = Release;
		};
/* End XCConfigurationList section */
	};
	rootObject = 209AAA512E8D311A00AC45B6 /* Project object */;
}
